
Microsoft Visual Studio Solution File, Format Version 12.00
# Visual Studio Version 17
VisualStudioVersion = 17.9.34622.214
MinimumVisualStudioVersion = 10.0.40219.1
Project("{FAE04EC0-301F-11D3-BF4B-00C04F79EFBC}") = "SomeBaseLibrary", "SomeBaseLibrary\SomeBaseLibrary.csproj", "{040E3814-FFD4-49E5-BA8C-3584B016423A}"
EndProject
Project("{FAE04EC0-301F-11D3-BF4B-00C04F79EFBC}") = "GoodExample", "GoodExample\GoodExample.csproj", "{F8FC0E69-A6B6-45B5-BAA0-C9282E830199}"
EndProject
Project("{FAE04EC0-301F-11D3-BF4B-00C04F79EFBC}") = "BadExample", "BadExample\BadExample.csproj", "{49C5CDA0-BABB-492A-945B-3B2642DBED87}"
EndProject
Global
	GlobalSection(SolutionConfigurationPlatforms) = preSolution
		Debug|Any CPU = Debug|Any CPU
		Release|Any CPU = Release|Any CPU
	EndGlobalSection
	GlobalSection(ProjectConfigurationPlatforms) = postSolution
		{040E3814-FFD4-49E5-BA8C-3584B016423A}.Debug|Any CPU.ActiveCfg = Debug|Any CPU
		{040E3814-FFD4-49E5-BA8C-3584B016423A}.Debug|Any CPU.Build.0 = Debug|Any CPU
		{040E3814-FFD4-49E5-BA8C-3584B016423A}.Release|Any CPU.ActiveCfg = Release|Any CPU
		{040E3814-FFD4-49E5-BA8C-3584B016423A}.Release|Any CPU.Build.0 = Release|Any CPU
		{F8FC0E69-A6B6-45B5-BAA0-C9282E830199}.Debug|Any CPU.ActiveCfg = Debug|Any CPU
		{F8FC0E69-A6B6-45B5-BAA0-C9282E830199}.Debug|Any CPU.Build.0 = Debug|Any CPU
		{F8FC0E69-A6B6-45B5-BAA0-C9282E830199}.Release|Any CPU.ActiveCfg = Release|Any CPU
		{F8FC0E69-A6B6-45B5-BAA0-C9282E830199}.Release|Any CPU.Build.0 = Release|Any CPU
		{49C5CDA0-BABB-492A-945B-3B2642DBED87}.Debug|Any CPU.ActiveCfg = Debug|Any CPU
		{49C5CDA0-BABB-492A-945B-3B2642DBED87}.Debug|Any CPU.Build.0 = Debug|Any CPU
		{49C5CDA0-BABB-492A-945B-3B2642DBED87}.Release|Any CPU.ActiveCfg = Release|Any CPU
		{49C5CDA0-BABB-492A-945B-3B2642DBED87}.Release|Any CPU.Build.0 = Release|Any CPU
	EndGlobalSection
	GlobalSection(SolutionProperties) = preSolution
		HideSolutionNode = FALSE
	EndGlobalSection
	GlobalSection(ExtensibilityGlobals) = postSolution
		SolutionGuid = {A8261186-A2A2-4C61-8E1A-65B7C4C8B917}
	EndGlobalSection
EndGlobal
