
Microsoft Visual Studio Solution File, Format Version 12.00
# Visual Studio Version 17
VisualStudioVersion = 17.6.33801.468
MinimumVisualStudioVersion = 10.0.40219.1
Project("{9A19103F-16F7-4668-BE54-9A1E7A4F7556}") = "SourceCodeCheckApp", "SourceCodeCheckApp\SourceCodeCheckApp.csproj", "{71048177-5DB9-4D00-BE6A-55D1FE755104}"
EndProject
Project("{FAE04EC0-301F-11D3-BF4B-00C04F79EFBC}") = "SourceCodeCheckAppTests", "SourceCodeCheckAppTests\SourceCodeCheckAppTests.csproj", "{B44CD489-BA53-47B3-B41F-42DDEE14A039}"
EndProject
Global
	GlobalSection(SolutionConfigurationPlatforms) = preSolution
		Debug|Any CPU = Debug|Any CPU
		Release|Any CPU = Release|Any CPU
	EndGlobalSection
	GlobalSection(ProjectConfigurationPlatforms) = postSolution
		{71048177-5DB9-4D00-BE6A-55D1FE755104}.Debug|Any CPU.ActiveCfg = Debug|Any CPU
		{71048177-5DB9-4D00-BE6A-55D1FE755104}.Debug|Any CPU.Build.0 = Debug|Any CPU
		{71048177-5DB9-4D00-BE6A-55D1FE755104}.Release|Any CPU.ActiveCfg = Release|Any CPU
		{71048177-5DB9-4D00-BE6A-55D1FE755104}.Release|Any CPU.Build.0 = Release|Any CPU
		{B44CD489-BA53-47B3-B41F-42DDEE14A039}.Debug|Any CPU.ActiveCfg = Debug|Any CPU
		{B44CD489-BA53-47B3-B41F-42DDEE14A039}.Debug|Any CPU.Build.0 = Debug|Any CPU
		{B44CD489-BA53-47B3-B41F-42DDEE14A039}.Release|Any CPU.ActiveCfg = Release|Any CPU
		{B44CD489-BA53-47B3-B41F-42DDEE14A039}.Release|Any CPU.Build.0 = Release|Any CPU
	EndGlobalSection
	GlobalSection(SolutionProperties) = preSolution
		HideSolutionNode = FALSE
	EndGlobalSection
	GlobalSection(ExtensibilityGlobals) = postSolution
		SolutionGuid = {49712F6E-5F9E-4297-A1E9-FCC91441FF1A}
	EndGlobalSection
EndGlobal
